
Microsoft Visual Studio Solution File, Format Version 12.00
# Visual Studio Version 18
VisualStudioVersion = 18.0.11205.157 d18.0
MinimumVisualStudioVersion = 10.0.40219.1
Project("{FAE04EC0-301F-11D3-BF4B-00C04F79EFBC}") = "Domain", "Domain\Domain.csproj", "{39360115-2898-47E4-9ED2-635F6BB1EABA}"
EndProject
Project("{FAE04EC0-301F-11D3-BF4B-00C04F79EFBC}") = "Application", "Application\Application.csproj", "{2A27C60F-B52A-4C9D-816D-11AD42E9BF65}"
EndProject
Project("{FAE04EC0-301F-11D3-BF4B-00C04F79EFBC}") = "Infrastructure", "Infrastructure\Infrastructure.csproj", "{6128EC18-4128-4CD9-923A-2566E6DB7C5A}"
EndProject
Project("{FAE04EC0-301F-11D3-BF4B-00C04F79EFBC}") = "WebAPI", "WebAPI\WebAPI.csproj", "{AD4899FB-9558-41DC-89F3-C0D1CA53E01F}"
EndProject
Project("{FAE04EC0-301F-11D3-BF4B-00C04F79EFBC}") = "BackgroundTasks", "BackgroundTasks\BackgroundTasks.csproj", "{7A84B8A8-FACA-401F-B6E1-FEA5BF91C550}"
EndProject
Project("{FAE04EC0-301F-11D3-BF4B-00C04F79EFBC}") = "Application.Tests", "Application.Tests\Application.Tests.csproj", "{BEFA562D-5E8E-4E1E-9296-2D5112A9D983}"
EndProject
Project("{FAE04EC0-301F-11D3-BF4B-00C04F79EFBC}") = "Shared", "Shared\Shared.csproj", "{C5855F89-D7F9-4766-A04D-1B365F694292}"
EndProject
Project("{FAE04EC0-301F-11D3-BF4B-00C04F79EFBC}") = "TelegramPanel", "TelegramPanel\TelegramPanel.csproj", "{E34C0BDC-20E7-4627-AA8D-C4CEECF3B3FE}"
EndProject
Project("{2150E333-8FDC-42A3-9474-1A3956D46DE8}") = "Solution Items", "Solution Items", "{7805DCA2-D4E1-4D76-947F-EC3D79882467}"
	ProjectSection(SolutionItems) = preProject
		.editorconfig = .editorconfig
		ReadMe.md = ReadMe.md
		Update-EfDatabase.ps1 = Update-EfDatabase.ps1
	EndProjectSection
EndProject
Project("{2150E333-8FDC-42A3-9474-1A3956D46DE8}") = "deployment_scripts", "deployment_scripts", "{521E1FE2-8577-4B56-8A35-89EFA2A19203}"
	ProjectSection(SolutionItems) = preProject
		Inject-Secrets.ps1 = Inject-Secrets.ps1
		Unpack-And-Clean.ps1 = Unpack-And-Clean.ps1
	EndProjectSection
EndProject
Global
	GlobalSection(SolutionConfigurationPlatforms) = preSolution
		Debug|Any CPU = Debug|Any CPU
		Release|Any CPU = Release|Any CPU
	EndGlobalSection
	GlobalSection(ProjectConfigurationPlatforms) = postSolution
		{39360115-2898-47E4-9ED2-635F6BB1EABA}.Debug|Any CPU.ActiveCfg = Debug|Any CPU
		{39360115-2898-47E4-9ED2-635F6BB1EABA}.Debug|Any CPU.Build.0 = Debug|Any CPU
		{39360115-2898-47E4-9ED2-635F6BB1EABA}.Release|Any CPU.ActiveCfg = Release|Any CPU
		{39360115-2898-47E4-9ED2-635F6BB1EABA}.Release|Any CPU.Build.0 = Release|Any CPU
		{2A27C60F-B52A-4C9D-816D-11AD42E9BF65}.Debug|Any CPU.ActiveCfg = Debug|Any CPU
		{2A27C60F-B52A-4C9D-816D-11AD42E9BF65}.Debug|Any CPU.Build.0 = Debug|Any CPU
		{2A27C60F-B52A-4C9D-816D-11AD42E9BF65}.Release|Any CPU.ActiveCfg = Release|Any CPU
		{2A27C60F-B52A-4C9D-816D-11AD42E9BF65}.Release|Any CPU.Build.0 = Release|Any CPU
		{6128EC18-4128-4CD9-923A-2566E6DB7C5A}.Debug|Any CPU.ActiveCfg = Debug|Any CPU
		{6128EC18-4128-4CD9-923A-2566E6DB7C5A}.Debug|Any CPU.Build.0 = Debug|Any CPU
		{6128EC18-4128-4CD9-923A-2566E6DB7C5A}.Release|Any CPU.ActiveCfg = Release|Any CPU
		{6128EC18-4128-4CD9-923A-2566E6DB7C5A}.Release|Any CPU.Build.0 = Release|Any CPU
		{AD4899FB-9558-41DC-89F3-C0D1CA53E01F}.Debug|Any CPU.ActiveCfg = Debug|Any CPU
		{AD4899FB-9558-41DC-89F3-C0D1CA53E01F}.Debug|Any CPU.Build.0 = Debug|Any CPU
		{AD4899FB-9558-41DC-89F3-C0D1CA53E01F}.Release|Any CPU.ActiveCfg = Release|Any CPU
		{AD4899FB-9558-41DC-89F3-C0D1CA53E01F}.Release|Any CPU.Build.0 = Release|Any CPU
		{7A84B8A8-FACA-401F-B6E1-FEA5BF91C550}.Debug|Any CPU.ActiveCfg = Debug|Any CPU
		{7A84B8A8-FACA-401F-B6E1-FEA5BF91C550}.Debug|Any CPU.Build.0 = Debug|Any CPU
		{7A84B8A8-FACA-401F-B6E1-FEA5BF91C550}.Release|Any CPU.ActiveCfg = Release|Any CPU
		{7A84B8A8-FACA-401F-B6E1-FEA5BF91C550}.Release|Any CPU.Build.0 = Release|Any CPU
		{BEFA562D-5E8E-4E1E-9296-2D5112A9D983}.Debug|Any CPU.ActiveCfg = Debug|Any CPU
		{BEFA562D-5E8E-4E1E-9296-2D5112A9D983}.Debug|Any CPU.Build.0 = Debug|Any CPU
		{BEFA562D-5E8E-4E1E-9296-2D5112A9D983}.Release|Any CPU.ActiveCfg = Release|Any CPU
		{BEFA562D-5E8E-4E1E-9296-2D5112A9D983}.Release|Any CPU.Build.0 = Release|Any CPU
		{C5855F89-D7F9-4766-A04D-1B365F694292}.Debug|Any CPU.ActiveCfg = Debug|Any CPU
		{C5855F89-D7F9-4766-A04D-1B365F694292}.Debug|Any CPU.Build.0 = Debug|Any CPU
		{C5855F89-D7F9-4766-A04D-1B365F694292}.Release|Any CPU.ActiveCfg = Release|Any CPU
		{C5855F89-D7F9-4766-A04D-1B365F694292}.Release|Any CPU.Build.0 = Release|Any CPU
		{E34C0BDC-20E7-4627-AA8D-C4CEECF3B3FE}.Debug|Any CPU.ActiveCfg = Debug|Any CPU
		{E34C0BDC-20E7-4627-AA8D-C4CEECF3B3FE}.Debug|Any CPU.Build.0 = Debug|Any CPU
		{E34C0BDC-20E7-4627-AA8D-C4CEECF3B3FE}.Release|Any CPU.ActiveCfg = Release|Any CPU
		{E34C0BDC-20E7-4627-AA8D-C4CEECF3B3FE}.Release|Any CPU.Build.0 = Release|Any CPU
	EndGlobalSection
	GlobalSection(SolutionProperties) = preSolution
		HideSolutionNode = FALSE
	EndGlobalSection
	GlobalSection(ExtensibilityGlobals) = postSolution
		SolutionGuid = {795D5B5C-1164-4379-A788-9176198A56E7}
	EndGlobalSection
EndGlobal
